
Microsoft Visual Studio Solution File, Format Version 12.00
# Visual Studio 15
VisualStudioVersion = 15.0.28010.2041
MinimumVisualStudioVersion = 10.0.40219.1
Project("{9A19103F-16F7-4668-BE54-9A1E7A4F7556}") = "BasketAPI", "BasketAPI\BasketAPI.csproj", "{833E31B3-1B0B-4CCB-B27F-8149EA54527D}"
EndProject
Project("{9A19103F-16F7-4668-BE54-9A1E7A4F7556}") = "Tests", "Tests\Tests.csproj", "{AEAE35D5-1E9B-4108-B37C-7E3D64E93A6F}"
EndProject
Project("{FAE04EC0-301F-11D3-BF4B-00C04F79EFBC}") = "BasketAPIClient", "BasketAPIClient\BasketAPIClient.csproj", "{C0F24098-F07E-487E-B8A2-BD8A1AF03099}"
EndProject
Global
	GlobalSection(SolutionConfigurationPlatforms) = preSolution
		Debug|Any CPU = Debug|Any CPU
		Release|Any CPU = Release|Any CPU
	EndGlobalSection
	GlobalSection(ProjectConfigurationPlatforms) = postSolution
		{833E31B3-1B0B-4CCB-B27F-8149EA54527D}.Debug|Any CPU.ActiveCfg = Debug|Any CPU
		{833E31B3-1B0B-4CCB-B27F-8149EA54527D}.Debug|Any CPU.Build.0 = Debug|Any CPU
		{833E31B3-1B0B-4CCB-B27F-8149EA54527D}.Release|Any CPU.ActiveCfg = Release|Any CPU
		{833E31B3-1B0B-4CCB-B27F-8149EA54527D}.Release|Any CPU.Build.0 = Release|Any CPU
		{AEAE35D5-1E9B-4108-B37C-7E3D64E93A6F}.Debug|Any CPU.ActiveCfg = Debug|Any CPU
		{AEAE35D5-1E9B-4108-B37C-7E3D64E93A6F}.Debug|Any CPU.Build.0 = Debug|Any CPU
		{AEAE35D5-1E9B-4108-B37C-7E3D64E93A6F}.Release|Any CPU.ActiveCfg = Release|Any CPU
		{AEAE35D5-1E9B-4108-B37C-7E3D64E93A6F}.Release|Any CPU.Build.0 = Release|Any CPU
		{C0F24098-F07E-487E-B8A2-BD8A1AF03099}.Debug|Any CPU.ActiveCfg = Debug|Any CPU
		{C0F24098-F07E-487E-B8A2-BD8A1AF03099}.Debug|Any CPU.Build.0 = Debug|Any CPU
		{C0F24098-F07E-487E-B8A2-BD8A1AF03099}.Release|Any CPU.ActiveCfg = Release|Any CPU
		{C0F24098-F07E-487E-B8A2-BD8A1AF03099}.Release|Any CPU.Build.0 = Release|Any CPU
	EndGlobalSection
	GlobalSection(SolutionProperties) = preSolution
		HideSolutionNode = FALSE
	EndGlobalSection
	GlobalSection(ExtensibilityGlobals) = postSolution
		SolutionGuid = {62F6D4B4-3371-4B60-BA7D-97BF9D8AEF33}
	EndGlobalSection
EndGlobal
